# generated by rye
# use `rye lock` or `rye sync` to update this lockfile
#
# last locked with the following flags:
#   pre: false
#   features: []
#   all-features: false
#   with-sources: false
#   generate-hashes: false
#   universal: false

-e file:.
advanced-alchemy==0.17.2
    # via litestar
aiolimiter==1.1.0
    # via python-telegram-bot
aiosqlite==0.20.0
    # via random-pycon-2024-bot
alembic==1.13.2
    # via advanced-alchemy
annotated-types==0.7.0
    # via litestar
    # via pydantic
anyio==4.4.0
    # via httpx
    # via jupyter-server
    # via litestar
    # via watchfiles
apscheduler==3.10.4
    # via python-telegram-bot
argon2-cffi==23.1.0
    # via jupyter-server
argon2-cffi-bindings==21.2.0
    # via argon2-cffi
arrow==1.3.0
    # via isoduration
asgiref==3.8.1
    # via opentelemetry-instrumentation-asgi
asttokens==2.4.1
    # via stack-data
async-lru==2.0.4
    # via jupyterlab
attrs==23.2.0
    # via jsonschema
    # via litestar
    # via referencing
babel==2.15.0
    # via jupyterlab-server
beautifulsoup4==4.12.3
    # via nbconvert
black==24.4.2
    # via piccolo
bleach==6.1.0
    # via nbconvert
brotli==1.1.0
    # via litestar
cachetools==5.3.3
    # via python-telegram-bot
certifi==2024.7.4
    # via httpcore
    # via httpx
    # via requests
cffi==1.16.0
    # via argon2-cffi-bindings
    # via cryptography
charset-normalizer==3.3.2
    # via requests
click==8.1.7
    # via black
    # via granian
    # via litestar
    # via rich-click
    # via uvicorn
colorama==0.4.6
    # via piccolo
    # via targ
comm==0.2.2
    # via ipykernel
cryptography==42.0.8
    # via litestar
    # via python-telegram-bot
dateutils==0.6.12
    # via random-pycon-2024-bot
debugpy==1.8.2
    # via ipykernel
decorator==5.1.1
    # via ipython
defusedxml==0.7.1
    # via nbconvert
deprecated==1.2.14
    # via opentelemetry-api
dnspython==2.6.1
    # via email-validator
docstring-parser==0.16
    # via targ
ecdsa==0.19.0
    # via python-jose
editorconfig==0.12.4
    # via jsbeautifier
email-validator==2.2.0
    # via litestar
    # via pydantic
entrypoints==0.4
    # via jupyter-client
executing==2.0.1
    # via stack-data
faker==26.0.0
    # via polyfactory
fast-query-parsers==1.0.3
    # via litestar
fastjsonschema==2.20.0
    # via nbformat
fqdn==1.5.1
    # via jsonschema
granian==1.5.1
    # via random-pycon-2024-bot
greenlet==3.0.3
    # via sqlalchemy
h11==0.14.0
    # via httpcore
    # via uvicorn
h2==4.1.0
    # via httpx
hiredis==2.3.2
    # via redis
hpack==4.0.0
    # via h2
httpcore==1.0.5
    # via httpx
httptools==0.6.1
    # via uvicorn
httpx==0.27.0
    # via jupyterlab
    # via litestar
    # via python-telegram-bot
hyperframe==6.0.1
    # via h2
idna==3.7
    # via anyio
    # via email-validator
    # via httpx
    # via jsonschema
    # via requests
importlib-metadata==7.1.0
    # via opentelemetry-api
inflection==0.5.1
    # via piccolo
ipykernel==6.29.5
    # via jupyterlab
ipython==8.26.0
    # via ipykernel
isoduration==20.11.0
    # via jsonschema
jedi==0.19.1
    # via ipython
jinja2==3.1.4
    # via jupyter-server
    # via jupyterlab
    # via jupyterlab-server
    # via litestar
    # via nbconvert
    # via piccolo
jsbeautifier==1.15.1
    # via litestar
json5==0.9.25
    # via jupyterlab-server
jsonpointer==3.0.0
    # via jsonschema
jsonschema==4.23.0
    # via jupyter-events
    # via jupyterlab-server
    # via nbformat
jsonschema-specifications==2023.12.1
    # via jsonschema
jupyter-client==7.4.9
    # via ipykernel
    # via jupyter-server
    # via nbclient
jupyter-core==5.7.2
    # via ipykernel
    # via jupyter-client
    # via jupyter-server
    # via jupyterlab
    # via nbclient
    # via nbconvert
    # via nbformat
jupyter-events==0.10.0
    # via jupyter-server
jupyter-lsp==2.2.5
    # via jupyterlab
jupyter-server==2.14.1
    # via jupyter-lsp
    # via jupyterlab
    # via jupyterlab-server
    # via notebook
    # via notebook-shim
jupyter-server-terminals==0.5.3
    # via jupyter-server
jupyterlab==4.2.3
    # via notebook
jupyterlab-pygments==0.3.0
    # via nbconvert
jupyterlab-server==2.27.2
    # via jupyterlab
    # via notebook
litestar==2.9.1
    # via random-pycon-2024-bot
mako==1.3.5
    # via alembic
    # via litestar
markdown-it-py==3.0.0
    # via rich
markupsafe==2.1.5
    # via jinja2
    # via mako
    # via nbconvert
matplotlib-inline==0.1.7
    # via ipykernel
    # via ipython
mdurl==0.1.2
    # via markdown-it-py
minijinja==2.0.1
    # via litestar
mistune==3.0.2
    # via nbconvert
msgspec==0.18.6
    # via litestar
multidict==6.0.5
    # via litestar
mypy-extensions==1.0.0
    # via black
nbclient==0.10.0
    # via nbconvert
nbconvert==7.16.4
    # via jupyter-server
nbformat==5.10.4
    # via jupyter-server
    # via nbclient
    # via nbconvert
nest-asyncio==1.6.0
    # via ipykernel
    # via jupyter-client
notebook==7.2.1
    # via random-pycon-2024-bot
notebook-shim==0.2.4
    # via jupyterlab
    # via notebook
opentelemetry-api==1.25.0
    # via opentelemetry-instrumentation
    # via opentelemetry-instrumentation-asgi
    # via opentelemetry-semantic-conventions
opentelemetry-instrumentation==0.46b0
    # via opentelemetry-instrumentation-asgi
opentelemetry-instrumentation-asgi==0.46b0
    # via litestar
opentelemetry-semantic-conventions==0.46b0
    # via opentelemetry-instrumentation-asgi
opentelemetry-util-http==0.46b0
    # via opentelemetry-instrumentation-asgi
overrides==7.7.0
    # via jupyter-server
packaging==24.1
    # via black
    # via ipykernel
    # via jupyter-server
    # via jupyterlab
    # via jupyterlab-server
    # via nbconvert
pandocfilters==1.5.1
    # via nbconvert
parso==0.8.4
    # via jedi
pathspec==0.12.1
    # via black
pexpect==4.9.0
    # via ipython
piccolo==1.13.1
    # via litestar
picologging==0.9.3
    # via litestar
platformdirs==4.2.2
    # via black
    # via jupyter-core
polyfactory==2.16.2
    # via litestar
prometheus-client==0.20.0
    # via jupyter-server
    # via litestar
prompt-toolkit==3.0.47
    # via ipython
psutil==6.0.0
    # via ipykernel
ptyprocess==0.7.0
    # via pexpect
    # via terminado
pure-eval==0.2.2
    # via stack-data
pyasn1==0.6.0
    # via python-jose
    # via rsa
pycparser==2.22
    # via cffi
pydantic==2.8.2
    # via litestar
    # via piccolo
    # via pydantic-extra-types
    # via pydantic-settings
pydantic-core==2.20.1
    # via pydantic
pydantic-extra-types==2.9.0
    # via litestar
pydantic-settings==2.3.4
    # via random-pycon-2024-bot
pygments==2.18.0
    # via ipython
    # via nbconvert
    # via rich
python-dateutil==2.9.0.post0
    # via arrow
    # via dateutils
    # via faker
    # via jupyter-client
python-dotenv==1.0.1
    # via pydantic-settings
    # via uvicorn
python-jose==3.3.0
    # via litestar
python-json-logger==2.0.7
    # via jupyter-events
python-telegram-bot==21.3
    # via random-pycon-2024-bot
pytz==2024.1
    # via apscheduler
    # via dateutils
    # via python-telegram-bot
pyyaml==6.0.1
    # via jupyter-events
    # via litestar
    # via uvicorn
pyzmq==26.0.3
    # via ipykernel
    # via jupyter-client
    # via jupyter-server
redis==5.0.7
    # via litestar
referencing==0.35.1
    # via jsonschema
    # via jsonschema-specifications
    # via jupyter-events
requests==2.32.3
    # via jupyterlab-server
rfc3339-validator==0.1.4
    # via jsonschema
    # via jupyter-events
rfc3986-validator==0.1.1
    # via jsonschema
    # via jupyter-events
rich==13.7.1
    # via litestar
    # via rich-click
rich-click==1.8.3
    # via litestar
rpds-py==0.19.0
    # via jsonschema
    # via referencing
rsa==4.9
    # via python-jose
send2trash==1.8.3
    # via jupyter-server
setuptools==70.3.0
    # via jupyterlab
    # via opentelemetry-instrumentation
six==1.16.0
    # via apscheduler
    # via asttokens
    # via bleach
    # via ecdsa
    # via jsbeautifier
    # via python-dateutil
    # via rfc3339-validator
sniffio==1.3.1
    # via anyio
    # via httpx
socksio==1.0.0
    # via httpx
soupsieve==2.5
    # via beautifulsoup4
sqlalchemy==2.0.31
    # via advanced-alchemy
    # via alembic
stack-data==0.6.3
    # via ipython
structlog==24.2.0
    # via litestar
targ==0.4.0
    # via piccolo
terminado==0.18.1
    # via jupyter-server
    # via jupyter-server-terminals
tinycss2==1.3.0
    # via nbconvert
tornado==6.4.1
    # via ipykernel
    # via jupyter-client
    # via jupyter-server
    # via jupyterlab
    # via notebook
    # via python-telegram-bot
    # via terminado
traitlets==5.14.3
    # via comm
    # via ipykernel
    # via ipython
    # via jupyter-client
    # via jupyter-core
    # via jupyter-events
    # via jupyter-server
    # via jupyterlab
    # via matplotlib-inline
    # via nbclient
    # via nbconvert
    # via nbformat
types-python-dateutil==2.9.0.20240316
    # via arrow
typing-extensions==4.12.2
    # via advanced-alchemy
    # via aiosqlite
    # via alembic
    # via litestar
    # via piccolo
    # via polyfactory
    # via pydantic
    # via pydantic-core
    # via rich-click
    # via sqlalchemy
tzlocal==5.2
    # via apscheduler
uri-template==1.3.0
    # via jsonschema
urllib3==2.2.2
    # via requests
uvicorn==0.30.1
    # via litestar
uvloop==0.19.0
    # via granian
    # via litestar
    # via uvicorn
watchfiles==0.22.0
    # via uvicorn
wcwidth==0.2.13
    # via prompt-toolkit
webcolors==24.6.0
    # via jsonschema
webencodings==0.5.1
    # via bleach
    # via tinycss2
websocket-client==1.8.0
    # via jupyter-server
websockets==12.0
    # via uvicorn
wrapt==1.16.0
    # via deprecated
    # via opentelemetry-instrumentation
zipp==3.19.2
    # via importlib-metadata
